
Microsoft Visual Studio Solution File, Format Version 12.00
# Visual Studio Version 16
VisualStudioVersion = 16.0.30717.126
MinimumVisualStudioVersion = 10.0.40219.1
Project("{FAE04EC0-301F-11D3-BF4B-00C04F79EFBC}") = "ExpressDeal.Android", "ExpressDeal\ExpressDeal.Android\ExpressDeal.Android.csproj", "{75B769F9-A917-45B3-85CE-125EF9EFB80B}"
EndProject
Project("{9A19103F-16F7-4668-BE54-9A1E7A4F7556}") = "ExpressDeal", "ExpressDeal\ExpressDeal\ExpressDeal.csproj", "{D0074A48-AA90-47C3-BCF8-92E0D06D4B16}"
EndProject
Global
	GlobalSection(SolutionConfigurationPlatforms) = preSolution
		Debug|Any CPU = Debug|Any CPU
		Release|Any CPU = Release|Any CPU
	EndGlobalSection
	GlobalSection(ProjectConfigurationPlatforms) = postSolution
		{75B769F9-A917-45B3-85CE-125EF9EFB80B}.Debug|Any CPU.ActiveCfg = Debug|Any CPU
		{75B769F9-A917-45B3-85CE-125EF9EFB80B}.Debug|Any CPU.Deploy.0 = Debug|Any CPU
		{75B769F9-A917-45B3-85CE-125EF9EFB80B}.Release|Any CPU.ActiveCfg = Release|Any CPU
		{75B769F9-A917-45B3-85CE-125EF9EFB80B}.Release|Any CPU.Build.0 = Release|Any CPU
		{75B769F9-A917-45B3-85CE-125EF9EFB80B}.Release|Any CPU.Deploy.0 = Release|Any CPU
		{D0074A48-AA90-47C3-BCF8-92E0D06D4B16}.Debug|Any CPU.ActiveCfg = Debug|Any CPU
		{D0074A48-AA90-47C3-BCF8-92E0D06D4B16}.Debug|Any CPU.Build.0 = Debug|Any CPU
		{D0074A48-AA90-47C3-BCF8-92E0D06D4B16}.Debug|Any CPU.Deploy.0 = Debug|Any CPU
		{D0074A48-AA90-47C3-BCF8-92E0D06D4B16}.Release|Any CPU.ActiveCfg = Release|Any CPU
		{D0074A48-AA90-47C3-BCF8-92E0D06D4B16}.Release|Any CPU.Build.0 = Release|Any CPU
		{D0074A48-AA90-47C3-BCF8-92E0D06D4B16}.Release|Any CPU.Deploy.0 = Release|Any CPU
	EndGlobalSection
	GlobalSection(SolutionProperties) = preSolution
		HideSolutionNode = FALSE
	EndGlobalSection
	GlobalSection(ExtensibilityGlobals) = postSolution
		SolutionGuid = {C1239E17-7F10-4FD6-80DC-A2D342A91FD9}
	EndGlobalSection
EndGlobal
